
Microsoft Visual Studio Solution File, Format Version 12.00
# Visual Studio Version 17
VisualStudioVersion = 17.3.32804.467
MinimumVisualStudioVersion = 10.0.40219.1
Project("{9A19103F-16F7-4668-BE54-9A1E7A4F7556}") = "EvalAppTest", "EvalAppTest\EvalAppTest.csproj", "{D08B76C6-146B-4D58-B611-466692903368}"
EndProject
Project("{9A19103F-16F7-4668-BE54-9A1E7A4F7556}") = "AngouriMathTest", "AngouriMathTest\AngouriMathTest.csproj", "{6CB72024-21B8-470A-BF73-34EB11A87921}"
EndProject
Project("{9A19103F-16F7-4668-BE54-9A1E7A4F7556}") = "EvalExpressionTest", "EvalExpressionTest\EvalExpressionTest.csproj", "{A49A28C6-2D28-45DB-AE7A-1451D292059D}"
EndProject
Project("{2150E333-8FDC-42A3-9474-1A3956D46DE8}") = "Angouri", "Angouri", "{61C31FC5-A7AE-47AF-9709-5CA96FB3444B}"
EndProject
Project("{2150E333-8FDC-42A3-9474-1A3956D46DE8}") = "EvalExpression", "EvalExpression", "{84F1F65A-0237-431C-9743-7F3F0F109019}"
EndProject
Project("{2150E333-8FDC-42A3-9474-1A3956D46DE8}") = "DynamicExpresso", "DynamicExpresso", "{1D02AFE8-67AB-41A6-9DDB-0636300AF452}"
EndProject
Project("{9A19103F-16F7-4668-BE54-9A1E7A4F7556}") = "DynamicExpressoTest", "DynamicExpressoTest\DynamicExpressoTest.csproj", "{19B3AAC2-57BC-4D41-9C13-1D84521F9546}"
EndProject
Project("{9A19103F-16F7-4668-BE54-9A1E7A4F7556}") = "BenchTest", "BenchTest\BenchTest.csproj", "{EB5C87A9-40F2-4880-9A85-E80B15C27316}"
EndProject
Project("{9A19103F-16F7-4668-BE54-9A1E7A4F7556}") = "BenchEETest", "BenchEETest\BenchEETest.csproj", "{156F3414-8825-485E-82D1-BE27C62CE10E}"
EndProject
Project("{9A19103F-16F7-4668-BE54-9A1E7A4F7556}") = "BenchDETest", "BenchDETest\BenchDETest.csproj", "{74AD2508-F4EE-479F-A043-43FADF509AAA}"
EndProject
Project("{2150E333-8FDC-42A3-9474-1A3956D46DE8}") = "Solution Items", "Solution Items", "{39FD124B-D8CB-4EE2-B191-607035244092}"
	ProjectSection(SolutionItems) = preProject
		ReadME.md = ReadME.md
	EndProjectSection
EndProject
Project("{2150E333-8FDC-42A3-9474-1A3956D46DE8}") = "MathExpression", "MathExpression", "{DCA1C8C5-F58F-483B-A71F-31259DF610BE}"
EndProject
Project("{FAE04EC0-301F-11D3-BF4B-00C04F79EFBC}") = "MathEvalTest", "MathEvalTest\MathEvalTest.csproj", "{BD29D097-30A5-41A3-A2F2-6F5B2310B6FB}"
EndProject
Project("{FAE04EC0-301F-11D3-BF4B-00C04F79EFBC}") = "BenchMETest", "BenchMETest\BenchMETest.csproj", "{08F16EC4-413F-4E81-BD02-3DAD267AC070}"
EndProject
Project("{2150E333-8FDC-42A3-9474-1A3956D46DE8}") = "Flee", "Flee", "{D9116013-0C99-44E4-B812-226FE8162A35}"
EndProject
Project("{FAE04EC0-301F-11D3-BF4B-00C04F79EFBC}") = "FleeTest", "FleeTest\FleeTest.csproj", "{9D75DF04-CA8A-4F9A-A8CB-D9C610151F58}"
EndProject
Project("{FAE04EC0-301F-11D3-BF4B-00C04F79EFBC}") = "BenchFleeTest", "BenchFleeTest\BenchFleeTest.csproj", "{231AF90E-FE00-41A8-8112-1971A17C6923}"
EndProject
Global
	GlobalSection(SolutionConfigurationPlatforms) = preSolution
		Debug|Any CPU = Debug|Any CPU
		Release|Any CPU = Release|Any CPU
	EndGlobalSection
	GlobalSection(ProjectConfigurationPlatforms) = postSolution
		{D08B76C6-146B-4D58-B611-466692903368}.Debug|Any CPU.ActiveCfg = Debug|Any CPU
		{D08B76C6-146B-4D58-B611-466692903368}.Debug|Any CPU.Build.0 = Debug|Any CPU
		{D08B76C6-146B-4D58-B611-466692903368}.Release|Any CPU.ActiveCfg = Release|Any CPU
		{D08B76C6-146B-4D58-B611-466692903368}.Release|Any CPU.Build.0 = Release|Any CPU
		{6CB72024-21B8-470A-BF73-34EB11A87921}.Debug|Any CPU.ActiveCfg = Debug|Any CPU
		{6CB72024-21B8-470A-BF73-34EB11A87921}.Debug|Any CPU.Build.0 = Debug|Any CPU
		{6CB72024-21B8-470A-BF73-34EB11A87921}.Release|Any CPU.ActiveCfg = Release|Any CPU
		{6CB72024-21B8-470A-BF73-34EB11A87921}.Release|Any CPU.Build.0 = Release|Any CPU
		{A49A28C6-2D28-45DB-AE7A-1451D292059D}.Debug|Any CPU.ActiveCfg = Debug|Any CPU
		{A49A28C6-2D28-45DB-AE7A-1451D292059D}.Debug|Any CPU.Build.0 = Debug|Any CPU
		{A49A28C6-2D28-45DB-AE7A-1451D292059D}.Release|Any CPU.ActiveCfg = Release|Any CPU
		{A49A28C6-2D28-45DB-AE7A-1451D292059D}.Release|Any CPU.Build.0 = Release|Any CPU
		{19B3AAC2-57BC-4D41-9C13-1D84521F9546}.Debug|Any CPU.ActiveCfg = Debug|Any CPU
		{19B3AAC2-57BC-4D41-9C13-1D84521F9546}.Debug|Any CPU.Build.0 = Debug|Any CPU
		{19B3AAC2-57BC-4D41-9C13-1D84521F9546}.Release|Any CPU.ActiveCfg = Release|Any CPU
		{19B3AAC2-57BC-4D41-9C13-1D84521F9546}.Release|Any CPU.Build.0 = Release|Any CPU
		{EB5C87A9-40F2-4880-9A85-E80B15C27316}.Debug|Any CPU.ActiveCfg = Debug|Any CPU
		{EB5C87A9-40F2-4880-9A85-E80B15C27316}.Debug|Any CPU.Build.0 = Debug|Any CPU
		{EB5C87A9-40F2-4880-9A85-E80B15C27316}.Release|Any CPU.ActiveCfg = Release|Any CPU
		{EB5C87A9-40F2-4880-9A85-E80B15C27316}.Release|Any CPU.Build.0 = Release|Any CPU
		{156F3414-8825-485E-82D1-BE27C62CE10E}.Debug|Any CPU.ActiveCfg = Debug|Any CPU
		{156F3414-8825-485E-82D1-BE27C62CE10E}.Debug|Any CPU.Build.0 = Debug|Any CPU
		{156F3414-8825-485E-82D1-BE27C62CE10E}.Release|Any CPU.ActiveCfg = Release|Any CPU
		{156F3414-8825-485E-82D1-BE27C62CE10E}.Release|Any CPU.Build.0 = Release|Any CPU
		{74AD2508-F4EE-479F-A043-43FADF509AAA}.Debug|Any CPU.ActiveCfg = Debug|Any CPU
		{74AD2508-F4EE-479F-A043-43FADF509AAA}.Debug|Any CPU.Build.0 = Debug|Any CPU
		{74AD2508-F4EE-479F-A043-43FADF509AAA}.Release|Any CPU.ActiveCfg = Release|Any CPU
		{74AD2508-F4EE-479F-A043-43FADF509AAA}.Release|Any CPU.Build.0 = Release|Any CPU
		{BD29D097-30A5-41A3-A2F2-6F5B2310B6FB}.Debug|Any CPU.ActiveCfg = Debug|Any CPU
		{BD29D097-30A5-41A3-A2F2-6F5B2310B6FB}.Debug|Any CPU.Build.0 = Debug|Any CPU
		{BD29D097-30A5-41A3-A2F2-6F5B2310B6FB}.Release|Any CPU.ActiveCfg = Release|Any CPU
		{BD29D097-30A5-41A3-A2F2-6F5B2310B6FB}.Release|Any CPU.Build.0 = Release|Any CPU
		{08F16EC4-413F-4E81-BD02-3DAD267AC070}.Debug|Any CPU.ActiveCfg = Debug|Any CPU
		{08F16EC4-413F-4E81-BD02-3DAD267AC070}.Debug|Any CPU.Build.0 = Debug|Any CPU
		{08F16EC4-413F-4E81-BD02-3DAD267AC070}.Release|Any CPU.ActiveCfg = Release|Any CPU
		{08F16EC4-413F-4E81-BD02-3DAD267AC070}.Release|Any CPU.Build.0 = Release|Any CPU
		{9D75DF04-CA8A-4F9A-A8CB-D9C610151F58}.Debug|Any CPU.ActiveCfg = Debug|Any CPU
		{9D75DF04-CA8A-4F9A-A8CB-D9C610151F58}.Debug|Any CPU.Build.0 = Debug|Any CPU
		{9D75DF04-CA8A-4F9A-A8CB-D9C610151F58}.Release|Any CPU.ActiveCfg = Release|Any CPU
		{9D75DF04-CA8A-4F9A-A8CB-D9C610151F58}.Release|Any CPU.Build.0 = Release|Any CPU
		{231AF90E-FE00-41A8-8112-1971A17C6923}.Debug|Any CPU.ActiveCfg = Debug|Any CPU
		{231AF90E-FE00-41A8-8112-1971A17C6923}.Debug|Any CPU.Build.0 = Debug|Any CPU
		{231AF90E-FE00-41A8-8112-1971A17C6923}.Release|Any CPU.ActiveCfg = Release|Any CPU
		{231AF90E-FE00-41A8-8112-1971A17C6923}.Release|Any CPU.Build.0 = Release|Any CPU
	EndGlobalSection
	GlobalSection(SolutionProperties) = preSolution
		HideSolutionNode = FALSE
	EndGlobalSection
	GlobalSection(NestedProjects) = preSolution
		{6CB72024-21B8-470A-BF73-34EB11A87921} = {61C31FC5-A7AE-47AF-9709-5CA96FB3444B}
		{A49A28C6-2D28-45DB-AE7A-1451D292059D} = {84F1F65A-0237-431C-9743-7F3F0F109019}
		{19B3AAC2-57BC-4D41-9C13-1D84521F9546} = {1D02AFE8-67AB-41A6-9DDB-0636300AF452}
		{EB5C87A9-40F2-4880-9A85-E80B15C27316} = {61C31FC5-A7AE-47AF-9709-5CA96FB3444B}
		{156F3414-8825-485E-82D1-BE27C62CE10E} = {84F1F65A-0237-431C-9743-7F3F0F109019}
		{74AD2508-F4EE-479F-A043-43FADF509AAA} = {1D02AFE8-67AB-41A6-9DDB-0636300AF452}
		{BD29D097-30A5-41A3-A2F2-6F5B2310B6FB} = {DCA1C8C5-F58F-483B-A71F-31259DF610BE}
		{08F16EC4-413F-4E81-BD02-3DAD267AC070} = {DCA1C8C5-F58F-483B-A71F-31259DF610BE}
		{9D75DF04-CA8A-4F9A-A8CB-D9C610151F58} = {D9116013-0C99-44E4-B812-226FE8162A35}
		{231AF90E-FE00-41A8-8112-1971A17C6923} = {D9116013-0C99-44E4-B812-226FE8162A35}
	EndGlobalSection
	GlobalSection(ExtensibilityGlobals) = postSolution
		SolutionGuid = {0251A635-E9D8-4658-844E-F4F9436BBBBF}
	EndGlobalSection
EndGlobal
